
Microsoft Visual Studio Solution File, Format Version 12.00
# Visual Studio Version 17
VisualStudioVersion = 17.8.34525.116
MinimumVisualStudioVersion = 10.0.40219.1
Project("{FAE04EC0-301F-11D3-BF4B-00C04F79EFBC}") = "Yılan Oyunu", "Yılan Oyunu\Yılan Oyunu.csproj", "{435E5E22-4C3A-4CDA-ACEA-5D90104B13F4}"
EndProject
Global
	GlobalSection(SolutionConfigurationPlatforms) = preSolution
		Debug|Any CPU = Debug|Any CPU
		Release|Any CPU = Release|Any CPU
	EndGlobalSection
	GlobalSection(ProjectConfigurationPlatforms) = postSolution
		{435E5E22-4C3A-4CDA-ACEA-5D90104B13F4}.Debug|Any CPU.ActiveCfg = Debug|Any CPU
		{435E5E22-4C3A-4CDA-ACEA-5D90104B13F4}.Debug|Any CPU.Build.0 = Debug|Any CPU
		{435E5E22-4C3A-4CDA-ACEA-5D90104B13F4}.Release|Any CPU.ActiveCfg = Release|Any CPU
		{435E5E22-4C3A-4CDA-ACEA-5D90104B13F4}.Release|Any CPU.Build.0 = Release|Any CPU
	EndGlobalSection
	GlobalSection(SolutionProperties) = preSolution
		HideSolutionNode = FALSE
	EndGlobalSection
	GlobalSection(ExtensibilityGlobals) = postSolution
		SolutionGuid = {7AFF4367-0792-45B2-868D-E28D1F1B5B78}
	EndGlobalSection
EndGlobal
